
Microsoft Visual Studio Solution File, Format Version 12.00
# Visual Studio Version 17
VisualStudioVersion = 17.5.33627.172
MinimumVisualStudioVersion = 10.0.40219.1
Project("{2150E333-8FDC-42A3-9474-1A3956D46DE8}") = "FrontEnd", "FrontEnd", "{92B6335D-AB8D-4BB3-8D2A-9CFC043BC291}"
EndProject
Project("{9A19103F-16F7-4668-BE54-9A1E7A4F7556}") = "Mango.Web", "Mango.Web\Mango.Web.csproj", "{50BE0DF0-D8EA-43F1-90CF-91892271C31B}"
EndProject
Project("{2150E333-8FDC-42A3-9474-1A3956D46DE8}") = "Services", "Services", "{A498D2E9-8FD0-408D-8EB2-C3047EE1216C}"
EndProject
Project("{9A19103F-16F7-4668-BE54-9A1E7A4F7556}") = "Mango.Services.ProductAPI", "Mango.Servrces.ProductAPI\Mango.Services.ProductAPI.csproj", "{C78DDE38-C3C1-44B8-BF95-DDDC35460E5B}"
EndProject
Project("{9A19103F-16F7-4668-BE54-9A1E7A4F7556}") = "Mango.Services.Identity", "Mango.Services.Identity\Mango.Services.Identity.csproj", "{8A46F28F-9E85-4057-9132-0EAAD40ECA96}"
EndProject
Project("{9A19103F-16F7-4668-BE54-9A1E7A4F7556}") = "Mango.Services.ShoppingCartAPI", "Mango.Services.ShoppingCartAPI\Mango.Services.ShoppingCartAPI.csproj", "{2A998477-094E-4AEE-90A0-81BDEAB66E20}"
	ProjectSection(ProjectDependencies) = postProject
		{5C72BAAD-1DA5-4D57-917C-8A1567113CC3} = {5C72BAAD-1DA5-4D57-917C-8A1567113CC3}
	EndProjectSection
EndProject
Project("{9A19103F-16F7-4668-BE54-9A1E7A4F7556}") = "Mango.Services.CouponAPI", "Mango.Services.CouponAPI\Mango.Services.CouponAPI.csproj", "{3EB3D0FC-1D31-43F4-857B-3D5138E3A851}"
EndProject
Project("{2150E333-8FDC-42A3-9474-1A3956D46DE8}") = "Integration", "Integration", "{65889E2E-3CFE-4C86-8E69-DDFB58D202A8}"
EndProject
Project("{FAE04EC0-301F-11D3-BF4B-00C04F79EFBC}") = "Mango.MessageBus", "Mango.MessageBus\Mango.MessageBus.csproj", "{5C72BAAD-1DA5-4D57-917C-8A1567113CC3}"
EndProject
Global
	GlobalSection(SolutionConfigurationPlatforms) = preSolution
		Debug|Any CPU = Debug|Any CPU
		Release|Any CPU = Release|Any CPU
	EndGlobalSection
	GlobalSection(ProjectConfigurationPlatforms) = postSolution
		{50BE0DF0-D8EA-43F1-90CF-91892271C31B}.Debug|Any CPU.ActiveCfg = Debug|Any CPU
		{50BE0DF0-D8EA-43F1-90CF-91892271C31B}.Debug|Any CPU.Build.0 = Debug|Any CPU
		{50BE0DF0-D8EA-43F1-90CF-91892271C31B}.Release|Any CPU.ActiveCfg = Release|Any CPU
		{50BE0DF0-D8EA-43F1-90CF-91892271C31B}.Release|Any CPU.Build.0 = Release|Any CPU
		{C78DDE38-C3C1-44B8-BF95-DDDC35460E5B}.Debug|Any CPU.ActiveCfg = Debug|Any CPU
		{C78DDE38-C3C1-44B8-BF95-DDDC35460E5B}.Debug|Any CPU.Build.0 = Debug|Any CPU
		{C78DDE38-C3C1-44B8-BF95-DDDC35460E5B}.Release|Any CPU.ActiveCfg = Release|Any CPU
		{C78DDE38-C3C1-44B8-BF95-DDDC35460E5B}.Release|Any CPU.Build.0 = Release|Any CPU
		{8A46F28F-9E85-4057-9132-0EAAD40ECA96}.Debug|Any CPU.ActiveCfg = Debug|Any CPU
		{8A46F28F-9E85-4057-9132-0EAAD40ECA96}.Debug|Any CPU.Build.0 = Debug|Any CPU
		{8A46F28F-9E85-4057-9132-0EAAD40ECA96}.Release|Any CPU.ActiveCfg = Release|Any CPU
		{8A46F28F-9E85-4057-9132-0EAAD40ECA96}.Release|Any CPU.Build.0 = Release|Any CPU
		{2A998477-094E-4AEE-90A0-81BDEAB66E20}.Debug|Any CPU.ActiveCfg = Debug|Any CPU
		{2A998477-094E-4AEE-90A0-81BDEAB66E20}.Debug|Any CPU.Build.0 = Debug|Any CPU
		{2A998477-094E-4AEE-90A0-81BDEAB66E20}.Release|Any CPU.ActiveCfg = Release|Any CPU
		{2A998477-094E-4AEE-90A0-81BDEAB66E20}.Release|Any CPU.Build.0 = Release|Any CPU
		{3EB3D0FC-1D31-43F4-857B-3D5138E3A851}.Debug|Any CPU.ActiveCfg = Debug|Any CPU
		{3EB3D0FC-1D31-43F4-857B-3D5138E3A851}.Debug|Any CPU.Build.0 = Debug|Any CPU
		{3EB3D0FC-1D31-43F4-857B-3D5138E3A851}.Release|Any CPU.ActiveCfg = Release|Any CPU
		{3EB3D0FC-1D31-43F4-857B-3D5138E3A851}.Release|Any CPU.Build.0 = Release|Any CPU
		{5C72BAAD-1DA5-4D57-917C-8A1567113CC3}.Debug|Any CPU.ActiveCfg = Debug|Any CPU
		{5C72BAAD-1DA5-4D57-917C-8A1567113CC3}.Debug|Any CPU.Build.0 = Debug|Any CPU
		{5C72BAAD-1DA5-4D57-917C-8A1567113CC3}.Release|Any CPU.ActiveCfg = Release|Any CPU
		{5C72BAAD-1DA5-4D57-917C-8A1567113CC3}.Release|Any CPU.Build.0 = Release|Any CPU
	EndGlobalSection
	GlobalSection(SolutionProperties) = preSolution
		HideSolutionNode = FALSE
	EndGlobalSection
	GlobalSection(NestedProjects) = preSolution
		{50BE0DF0-D8EA-43F1-90CF-91892271C31B} = {92B6335D-AB8D-4BB3-8D2A-9CFC043BC291}
		{C78DDE38-C3C1-44B8-BF95-DDDC35460E5B} = {A498D2E9-8FD0-408D-8EB2-C3047EE1216C}
		{8A46F28F-9E85-4057-9132-0EAAD40ECA96} = {A498D2E9-8FD0-408D-8EB2-C3047EE1216C}
		{2A998477-094E-4AEE-90A0-81BDEAB66E20} = {A498D2E9-8FD0-408D-8EB2-C3047EE1216C}
		{3EB3D0FC-1D31-43F4-857B-3D5138E3A851} = {A498D2E9-8FD0-408D-8EB2-C3047EE1216C}
		{5C72BAAD-1DA5-4D57-917C-8A1567113CC3} = {65889E2E-3CFE-4C86-8E69-DDFB58D202A8}
	EndGlobalSection
	GlobalSection(ExtensibilityGlobals) = postSolution
		SolutionGuid = {3B8C8E2A-1E71-4F70-ABA2-9FAD49C53E2C}
	EndGlobalSection
EndGlobal
